
Microsoft Visual Studio Solution File, Format Version 12.00
# Visual Studio Version 17
VisualStudioVersion = 17.9.34714.143
MinimumVisualStudioVersion = 10.0.40219.1
Project("{FAE04EC0-301F-11D3-BF4B-00C04F79EFBC}") = "EXCERCISE_ARRAYS", "EXCERCISE_ARRAYS\EXCERCISE_ARRAYS.csproj", "{74EF44F4-49C3-45C1-B02B-C6339FCB0C72}"
EndProject
Global
	GlobalSection(SolutionConfigurationPlatforms) = preSolution
		Debug|Any CPU = Debug|Any CPU
		Release|Any CPU = Release|Any CPU
	EndGlobalSection
	GlobalSection(ProjectConfigurationPlatforms) = postSolution
		{74EF44F4-49C3-45C1-B02B-C6339FCB0C72}.Debug|Any CPU.ActiveCfg = Debug|Any CPU
		{74EF44F4-49C3-45C1-B02B-C6339FCB0C72}.Debug|Any CPU.Build.0 = Debug|Any CPU
		{74EF44F4-49C3-45C1-B02B-C6339FCB0C72}.Release|Any CPU.ActiveCfg = Release|Any CPU
		{74EF44F4-49C3-45C1-B02B-C6339FCB0C72}.Release|Any CPU.Build.0 = Release|Any CPU
	EndGlobalSection
	GlobalSection(SolutionProperties) = preSolution
		HideSolutionNode = FALSE
	EndGlobalSection
	GlobalSection(ExtensibilityGlobals) = postSolution
		SolutionGuid = {419763C2-B74B-4AEE-901D-B941D007F92B}
	EndGlobalSection
EndGlobal
